// !$*UTF8*$!
{
	archiveVersion = 1;
	classes = {
	};
	objectVersion = 46;
	objects = {

/* Begin PBXBuildFile section */
		980C55FE1F27324B007B4810 /* AppDelegate.swift in Sources */ = {isa = PBXBuildFile; fileRef = 980C55FD1F27324B007B4810 /* AppDelegate.swift */; };
		980C56031F27324B007B4810 /* Main.storyboard in Resources */ = {isa = PBXBuildFile; fileRef = 980C56011F27324B007B4810 /* Main.storyboard */; };
		980C56051F27324B007B4810 /* Assets.xcassets in Resources */ = {isa = PBXBuildFile; fileRef = 980C56041F27324B007B4810 /* Assets.xcassets */; };
		980C56081F27324B007B4810 /* LaunchScreen.storyboard in Resources */ = {isa = PBXBuildFile; fileRef = 980C56061F27324B007B4810 /* LaunchScreen.storyboard */; };
		981B9EB91F42E6C300A4FD6B /* Localizable.strings in Resources */ = {isa = PBXBuildFile; fileRef = 981B9EBB1F42E6C300A4FD6B /* Localizable.strings */; };
		981B9EBD1F42EBDD00A4FD6B /* ScheduleManager.swift in Sources */ = {isa = PBXBuildFile; fileRef = 981B9EBC1F42EBDD00A4FD6B /* ScheduleManager.swift */; };
		981B9EBF1F43507500A4FD6B /* constants.swift in Sources */ = {isa = PBXBuildFile; fileRef = 981B9EBE1F43507500A4FD6B /* constants.swift */; };
		9821C5071F28245A0024B9D4 /* SignUpViewController.swift in Sources */ = {isa = PBXBuildFile; fileRef = 9821C5061F28245A0024B9D4 /* SignUpViewController.swift */; };
		9827F8251F38340700A50043 /* SlideMenuViewController.swift in Sources */ = {isa = PBXBuildFile; fileRef = 9827F8241F38340700A50043 /* SlideMenuViewController.swift */; };
		9827F8271F3837E600A50043 /* MenuViewController.swift in Sources */ = {isa = PBXBuildFile; fileRef = 9827F8261F3837E600A50043 /* MenuViewController.swift */; };
		9827F82D1F388F8700A50043 /* FriendTableViewController.swift in Sources */ = {isa = PBXBuildFile; fileRef = 9827F82C1F388F8700A50043 /* FriendTableViewController.swift */; };
		9827F82F1F388FD100A50043 /* FriendTableViewCell.swift in Sources */ = {isa = PBXBuildFile; fileRef = 9827F82E1F388FD100A50043 /* FriendTableViewCell.swift */; };
		9827F8321F3AF96700A50043 /* ParnerBoardTableViewController.swift in Sources */ = {isa = PBXBuildFile; fileRef = 9827F8311F3AF96700A50043 /* ParnerBoardTableViewController.swift */; };
		9827F8341F3AF97500A50043 /* ParnerBoardTableViewCell.swift in Sources */ = {isa = PBXBuildFile; fileRef = 9827F8331F3AF97500A50043 /* ParnerBoardTableViewCell.swift */; };
		9827F8361F3B05D600A50043 /* ParnerCollectionViewController.swift in Sources */ = {isa = PBXBuildFile; fileRef = 9827F8351F3B05D600A50043 /* ParnerCollectionViewController.swift */; };
		9827F8381F3B05E800A50043 /* ParnerCollectionViewCell.swift in Sources */ = {isa = PBXBuildFile; fileRef = 9827F8371F3B05E800A50043 /* ParnerCollectionViewCell.swift */; };
		9827F83A1F3C61B300A50043 /* commonFuncton.swift in Sources */ = {isa = PBXBuildFile; fileRef = 9827F8391F3C61B300A50043 /* commonFuncton.swift */; };
		984E4AAC1F304F0A007766C7 /* BaggageListTableViewController.swift in Sources */ = {isa = PBXBuildFile; fileRef = 984E4AAB1F304F0A007766C7 /* BaggageListTableViewController.swift */; };
		984E4AAE1F305D73007766C7 /* BaggageListTableViewCell.swift in Sources */ = {isa = PBXBuildFile; fileRef = 984E4AAD1F305D73007766C7 /* BaggageListTableViewCell.swift */; };
		986438E11F27349A001DABC6 /* SignInViewController.swift in Sources */ = {isa = PBXBuildFile; fileRef = 986438E01F27349A001DABC6 /* SignInViewController.swift */; };
		986438E91F28207A001DABC6 /* GoogleService-Info.plist in Resources */ = {isa = PBXBuildFile; fileRef = 986438E81F28207A001DABC6 /* GoogleService-Info.plist */; };
		98D11F561F2972C600A157BF /* ScheduleMainTableViewController.swift in Sources */ = {isa = PBXBuildFile; fileRef = 98D11F551F2972C600A157BF /* ScheduleMainTableViewController.swift */; };
		98D11F581F2974E500A157BF /* ScheduleMainTableViewCell.swift in Sources */ = {isa = PBXBuildFile; fileRef = 98D11F571F2974E500A157BF /* ScheduleMainTableViewCell.swift */; };
		98D11F5B1F29D2B700A157BF /* CreateNewScheduleViewController.swift in Sources */ = {isa = PBXBuildFile; fileRef = 98D11F5A1F29D2B700A157BF /* CreateNewScheduleViewController.swift */; };
		98FBC1DC1F2B114400E2E70F /* DailyScheduleTableViewController.swift in Sources */ = {isa = PBXBuildFile; fileRef = 98FBC1DB1F2B114400E2E70F /* DailyScheduleTableViewController.swift */; };
		98FBC1DE1F2B115800E2E70F /* MapViewController.swift in Sources */ = {isa = PBXBuildFile; fileRef = 98FBC1DD1F2B115800E2E70F /* MapViewController.swift */; };
		98FBC1E21F2B12A500E2E70F /* DailyTabBarViewController.swift in Sources */ = {isa = PBXBuildFile; fileRef = 98FBC1E11F2B12A500E2E70F /* DailyTabBarViewController.swift */; };
		98FBC1E41F2B220100E2E70F /* DailyScheduleTableViewCell.swift in Sources */ = {isa = PBXBuildFile; fileRef = 98FBC1E31F2B220100E2E70F /* DailyScheduleTableViewCell.swift */; };
		DA0586470B0A67F6D9D3E96C /* Pods_LittleTrip.framework in Frameworks */ = {isa = PBXBuildFile; fileRef = C927CC867582E8F80889C170 /* Pods_LittleTrip.framework */; };
/* End PBXBuildFile section */

/* Begin PBXFileReference section */
		2F87D84B562FCFAF589718BD /* Pods-LittleTrip.debug.xcconfig */ = {isa = PBXFileReference; includeInIndex = 1; lastKnownFileType = text.xcconfig; name = "Pods-LittleTrip.debug.xcconfig"; path = "Pods/Target Support Files/Pods-LittleTrip/Pods-LittleTrip.debug.xcconfig"; sourceTree = "<group>"; };
		825809C7F30815C401349EB6 /* Pods-LittleTrip.release.xcconfig */ = {isa = PBXFileReference; includeInIndex = 1; lastKnownFileType = text.xcconfig; name = "Pods-LittleTrip.release.xcconfig"; path = "Pods/Target Support Files/Pods-LittleTrip/Pods-LittleTrip.release.xcconfig"; sourceTree = "<group>"; };
		980C55FA1F27324A007B4810 /* LittleTrip.app */ = {isa = PBXFileReference; explicitFileType = wrapper.application; includeInIndex = 0; path = LittleTrip.app; sourceTree = BUILT_PRODUCTS_DIR; };
		980C55FD1F27324B007B4810 /* AppDelegate.swift */ = {isa = PBXFileReference; lastKnownFileType = sourcecode.swift; path = AppDelegate.swift; sourceTree = "<group>"; };
		980C56021F27324B007B4810 /* Base */ = {isa = PBXFileReference; lastKnownFileType = file.storyboard; name = Base; path = Base.lproj/Main.storyboard; sourceTree = "<group>"; };
		980C56041F27324B007B4810 /* Assets.xcassets */ = {isa = PBXFileReference; lastKnownFileType = folder.assetcatalog; path = Assets.xcassets; sourceTree = "<group>"; };
		980C56071F27324B007B4810 /* Base */ = {isa = PBXFileReference; lastKnownFileType = file.storyboard; name = Base; path = Base.lproj/LaunchScreen.storyboard; sourceTree = "<group>"; };
		980C56091F27324B007B4810 /* Info.plist */ = {isa = PBXFileReference; lastKnownFileType = text.plist.xml; path = Info.plist; sourceTree = "<group>"; };
		981B9EB41F42E4D400A4FD6B /* zh-Hant */ = {isa = PBXFileReference; lastKnownFileType = text.plist.strings; name = "zh-Hant"; path = "zh-Hant.lproj/Main.strings"; sourceTree = "<group>"; };
		981B9EB51F42E4D400A4FD6B /* zh-Hant */ = {isa = PBXFileReference; lastKnownFileType = text.plist.strings; name = "zh-Hant"; path = "zh-Hant.lproj/LaunchScreen.strings"; sourceTree = "<group>"; };
		981B9EBA1F42E6C300A4FD6B /* zh-Hant */ = {isa = PBXFileReference; lastKnownFileType = text.plist.strings; name = "zh-Hant"; path = "zh-Hant.lproj/Localizable.strings"; sourceTree = "<group>"; };
		981B9EBC1F42EBDD00A4FD6B /* ScheduleManager.swift */ = {isa = PBXFileReference; fileEncoding = 4; lastKnownFileType = sourcecode.swift; path = ScheduleManager.swift; sourceTree = "<group>"; };
		981B9EBE1F43507500A4FD6B /* constants.swift */ = {isa = PBXFileReference; fileEncoding = 4; lastKnownFileType = sourcecode.swift; path = constants.swift; sourceTree = "<group>"; };
		9821C5061F28245A0024B9D4 /* SignUpViewController.swift */ = {isa = PBXFileReference; fileEncoding = 4; lastKnownFileType = sourcecode.swift; path = SignUpViewController.swift; sourceTree = "<group>"; };
		9827F8241F38340700A50043 /* SlideMenuViewController.swift */ = {isa = PBXFileReference; fileEncoding = 4; lastKnownFileType = sourcecode.swift; path = SlideMenuViewController.swift; sourceTree = "<group>"; };
		9827F8261F3837E600A50043 /* MenuViewController.swift */ = {isa = PBXFileReference; fileEncoding = 4; lastKnownFileType = sourcecode.swift; path = MenuViewController.swift; sourceTree = "<group>"; };
		9827F82C1F388F8700A50043 /* FriendTableViewController.swift */ = {isa = PBXFileReference; fileEncoding = 4; lastKnownFileType = sourcecode.swift; path = FriendTableViewController.swift; sourceTree = "<group>"; };
		9827F82E1F388FD100A50043 /* FriendTableViewCell.swift */ = {isa = PBXFileReference; fileEncoding = 4; lastKnownFileType = sourcecode.swift; path = FriendTableViewCell.swift; sourceTree = "<group>"; };
		9827F8311F3AF96700A50043 /* ParnerBoardTableViewController.swift */ = {isa = PBXFileReference; fileEncoding = 4; lastKnownFileType = sourcecode.swift; path = ParnerBoardTableViewController.swift; sourceTree = "<group>"; };
		9827F8331F3AF97500A50043 /* ParnerBoardTableViewCell.swift */ = {isa = PBXFileReference; fileEncoding = 4; lastKnownFileType = sourcecode.swift; path = ParnerBoardTableViewCell.swift; sourceTree = "<group>"; };
		9827F8351F3B05D600A50043 /* ParnerCollectionViewController.swift */ = {isa = PBXFileReference; fileEncoding = 4; lastKnownFileType = sourcecode.swift; path = ParnerCollectionViewController.swift; sourceTree = "<group>"; };
		9827F8371F3B05E800A50043 /* ParnerCollectionViewCell.swift */ = {isa = PBXFileReference; fileEncoding = 4; lastKnownFileType = sourcecode.swift; path = ParnerCollectionViewCell.swift; sourceTree = "<group>"; };
		9827F8391F3C61B300A50043 /* commonFuncton.swift */ = {isa = PBXFileReference; fileEncoding = 4; lastKnownFileType = sourcecode.swift; path = commonFuncton.swift; sourceTree = "<group>"; };
		984E4AAB1F304F0A007766C7 /* BaggageListTableViewController.swift */ = {isa = PBXFileReference; fileEncoding = 4; lastKnownFileType = sourcecode.swift; path = BaggageListTableViewController.swift; sourceTree = "<group>"; };
		984E4AAD1F305D73007766C7 /* BaggageListTableViewCell.swift */ = {isa = PBXFileReference; fileEncoding = 4; lastKnownFileType = sourcecode.swift; path = BaggageListTableViewCell.swift; sourceTree = "<group>"; };
		986438E01F27349A001DABC6 /* SignInViewController.swift */ = {isa = PBXFileReference; fileEncoding = 4; lastKnownFileType = sourcecode.swift; path = SignInViewController.swift; sourceTree = "<group>"; };
		986438E81F28207A001DABC6 /* GoogleService-Info.plist */ = {isa = PBXFileReference; fileEncoding = 4; lastKnownFileType = text.plist.xml; path = "GoogleService-Info.plist"; sourceTree = "<group>"; };
		98D11F551F2972C600A157BF /* ScheduleMainTableViewController.swift */ = {isa = PBXFileReference; fileEncoding = 4; lastKnownFileType = sourcecode.swift; path = ScheduleMainTableViewController.swift; sourceTree = "<group>"; };
		98D11F571F2974E500A157BF /* ScheduleMainTableViewCell.swift */ = {isa = PBXFileReference; fileEncoding = 4; lastKnownFileType = sourcecode.swift; path = ScheduleMainTableViewCell.swift; sourceTree = "<group>"; };
		98D11F5A1F29D2B700A157BF /* CreateNewScheduleViewController.swift */ = {isa = PBXFileReference; fileEncoding = 4; lastKnownFileType = sourcecode.swift; path = CreateNewScheduleViewController.swift; sourceTree = "<group>"; };
		98FBC1DB1F2B114400E2E70F /* DailyScheduleTableViewController.swift */ = {isa = PBXFileReference; fileEncoding = 4; lastKnownFileType = sourcecode.swift; path = DailyScheduleTableViewController.swift; sourceTree = "<group>"; };
		98FBC1DD1F2B115800E2E70F /* MapViewController.swift */ = {isa = PBXFileReference; fileEncoding = 4; lastKnownFileType = sourcecode.swift; path = MapViewController.swift; sourceTree = "<group>"; };
		98FBC1E11F2B12A500E2E70F /* DailyTabBarViewController.swift */ = {isa = PBXFileReference; fileEncoding = 4; lastKnownFileType = sourcecode.swift; path = DailyTabBarViewController.swift; sourceTree = "<group>"; };
		98FBC1E31F2B220100E2E70F /* DailyScheduleTableViewCell.swift */ = {isa = PBXFileReference; fileEncoding = 4; lastKnownFileType = sourcecode.swift; path = DailyScheduleTableViewCell.swift; sourceTree = "<group>"; };
		C927CC867582E8F80889C170 /* Pods_LittleTrip.framework */ = {isa = PBXFileReference; explicitFileType = wrapper.framework; includeInIndex = 0; path = Pods_LittleTrip.framework; sourceTree = BUILT_PRODUCTS_DIR; };
/* End PBXFileReference section */

/* Begin PBXFrameworksBuildPhase section */
		980C55F71F27324A007B4810 /* Frameworks */ = {
			isa = PBXFrameworksBuildPhase;
			buildActionMask = 2147483647;
			files = (
				DA0586470B0A67F6D9D3E96C /* Pods_LittleTrip.framework in Frameworks */,
			);
			runOnlyForDeploymentPostprocessing = 0;
		};
/* End PBXFrameworksBuildPhase section */

/* Begin PBXGroup section */
		5A95E29F06279A0AE0682BC4 /* Pods */ = {
			isa = PBXGroup;
			children = (
				2F87D84B562FCFAF589718BD /* Pods-LittleTrip.debug.xcconfig */,
				825809C7F30815C401349EB6 /* Pods-LittleTrip.release.xcconfig */,
			);
			name = Pods;
			sourceTree = "<group>";
		};
		7D075ADB6D4C847A006A6B30 /* Frameworks */ = {
			isa = PBXGroup;
			children = (
				C927CC867582E8F80889C170 /* Pods_LittleTrip.framework */,
			);
			name = Frameworks;
			sourceTree = "<group>";
		};
		980C55F11F27324A007B4810 = {
			isa = PBXGroup;
			children = (
				980C55FC1F27324A007B4810 /* LittleTrip */,
				980C55FB1F27324A007B4810 /* Products */,
				5A95E29F06279A0AE0682BC4 /* Pods */,
				7D075ADB6D4C847A006A6B30 /* Frameworks */,
			);
			sourceTree = "<group>";
		};
		980C55FB1F27324A007B4810 /* Products */ = {
			isa = PBXGroup;
			children = (
				980C55FA1F27324A007B4810 /* LittleTrip.app */,
			);
			name = Products;
			sourceTree = "<group>";
		};
		980C55FC1F27324A007B4810 /* LittleTrip */ = {
			isa = PBXGroup;
			children = (
				981B9EBE1F43507500A4FD6B /* constants.swift */,
				9827F8391F3C61B300A50043 /* commonFuncton.swift */,
				9821C5011F2821AB0024B9D4 /* AppDelegate */,
				98D11F591F29D27500A157BF /* CreateNewSchedule */,
				98FBC1D71F2B0E3900E2E70F /* DailySchedule */,
				9827F82B1F388ED900A50043 /* Friend */,
				986438DE1F273455001DABC6 /* SignIn */,
				9821C5051F2824320024B9D4 /* SignUp */,
				9827F8231F3833C800A50043 /* SlideMenu */,
				98D11F541F29726100A157BF /* ScheduleMain */,
				9821C5031F2822250024B9D4 /* Storyboard */,
				981B9EB61F42E68500A4FD6B /* Localization */,
				9821C5041F2822360024B9D4 /* Plist */,
				9821C5021F2822140024B9D4 /* Assets */,
			);
			path = LittleTrip;
			sourceTree = "<group>";
		};
		981B9EB61F42E68500A4FD6B /* Localization */ = {
			isa = PBXGroup;
			children = (
				981B9EBB1F42E6C300A4FD6B /* Localizable.strings */,
			);
			name = Localization;
			sourceTree = "<group>";
		};
		9821C5011F2821AB0024B9D4 /* AppDelegate */ = {
			isa = PBXGroup;
			children = (
				980C55FD1F27324B007B4810 /* AppDelegate.swift */,
			);
			name = AppDelegate;
			sourceTree = "<group>";
		};
		9821C5021F2822140024B9D4 /* Assets */ = {
			isa = PBXGroup;
			children = (
				980C56041F27324B007B4810 /* Assets.xcassets */,
			);
			name = Assets;
			sourceTree = "<group>";
		};
		9821C5031F2822250024B9D4 /* Storyboard */ = {
			isa = PBXGroup;
			children = (
				980C56011F27324B007B4810 /* Main.storyboard */,
				980C56061F27324B007B4810 /* LaunchScreen.storyboard */,
			);
			name = Storyboard;
			sourceTree = "<group>";
		};
		9821C5041F2822360024B9D4 /* Plist */ = {
			isa = PBXGroup;
			children = (
				980C56091F27324B007B4810 /* Info.plist */,
				986438E81F28207A001DABC6 /* GoogleService-Info.plist */,
			);
			name = Plist;
			sourceTree = "<group>";
		};
		9821C5051F2824320024B9D4 /* SignUp */ = {
			isa = PBXGroup;
			children = (
				9821C5061F28245A0024B9D4 /* SignUpViewController.swift */,
			);
			name = SignUp;
			sourceTree = "<group>";
		};
		9827F8231F3833C800A50043 /* SlideMenu */ = {
			isa = PBXGroup;
			children = (
				9827F8241F38340700A50043 /* SlideMenuViewController.swift */,
				9827F8261F3837E600A50043 /* MenuViewController.swift */,
			);
			name = SlideMenu;
			sourceTree = "<group>";
		};
		9827F82B1F388ED900A50043 /* Friend */ = {
			isa = PBXGroup;
			children = (
				9827F82C1F388F8700A50043 /* FriendTableViewController.swift */,
				9827F82E1F388FD100A50043 /* FriendTableViewCell.swift */,
			);
			name = Friend;
			sourceTree = "<group>";
		};
		9827F8301F3AF74D00A50043 /* ParnerBoard */ = {
			isa = PBXGroup;
			children = (
				9827F8311F3AF96700A50043 /* ParnerBoardTableViewController.swift */,
				9827F8331F3AF97500A50043 /* ParnerBoardTableViewCell.swift */,
				9827F8351F3B05D600A50043 /* ParnerCollectionViewController.swift */,
				9827F8371F3B05E800A50043 /* ParnerCollectionViewCell.swift */,
			);
			name = ParnerBoard;
			sourceTree = "<group>";
		};
		986438DE1F273455001DABC6 /* SignIn */ = {
			isa = PBXGroup;
			children = (
				986438E01F27349A001DABC6 /* SignInViewController.swift */,
			);
			name = SignIn;
			sourceTree = "<group>";
		};
		98D11F541F29726100A157BF /* ScheduleMain */ = {
			isa = PBXGroup;
			children = (
				98D11F551F2972C600A157BF /* ScheduleMainTableViewController.swift */,
				98D11F571F2974E500A157BF /* ScheduleMainTableViewCell.swift */,
				981B9EBC1F42EBDD00A4FD6B /* ScheduleManager.swift */,
			);
			name = ScheduleMain;
			sourceTree = "<group>";
		};
		98D11F591F29D27500A157BF /* CreateNewSchedule */ = {
			isa = PBXGroup;
			children = (
				98D11F5A1F29D2B700A157BF /* CreateNewScheduleViewController.swift */,
			);
			name = CreateNewSchedule;
			sourceTree = "<group>";
		};
		98FBC1D71F2B0E3900E2E70F /* DailySchedule */ = {
			isa = PBXGroup;
			children = (
				98FBC1E11F2B12A500E2E70F /* DailyTabBarViewController.swift */,
				98FBC1D81F2B0E5400E2E70F /* TextMode */,
				98FBC1D91F2B0E6A00E2E70F /* MapMode */,
				98FBC1DA1F2B0E7300E2E70F /* BaggageList */,
				9827F8301F3AF74D00A50043 /* ParnerBoard */,
			);
			name = DailySchedule;
			sourceTree = "<group>";
		};
		98FBC1D81F2B0E5400E2E70F /* TextMode */ = {
			isa = PBXGroup;
			children = (
				98FBC1DB1F2B114400E2E70F /* DailyScheduleTableViewController.swift */,
				98FBC1E31F2B220100E2E70F /* DailyScheduleTableViewCell.swift */,
			);
			name = TextMode;
			sourceTree = "<group>";
		};
		98FBC1D91F2B0E6A00E2E70F /* MapMode */ = {
			isa = PBXGroup;
			children = (
				98FBC1DD1F2B115800E2E70F /* MapViewController.swift */,
			);
			name = MapMode;
			sourceTree = "<group>";
		};
		98FBC1DA1F2B0E7300E2E70F /* BaggageList */ = {
			isa = PBXGroup;
			children = (
				984E4AAB1F304F0A007766C7 /* BaggageListTableViewController.swift */,
				984E4AAD1F305D73007766C7 /* BaggageListTableViewCell.swift */,
			);
			name = BaggageList;
			sourceTree = "<group>";
		};
/* End PBXGroup section */

/* Begin PBXNativeTarget section */
		980C55F91F27324A007B4810 /* LittleTrip */ = {
			isa = PBXNativeTarget;
			buildConfigurationList = 980C560C1F27324B007B4810 /* Build configuration list for PBXNativeTarget "LittleTrip" */;
			buildPhases = (
				18D57F5042209EEC24128984 /* [CP] Check Pods Manifest.lock */,
				980C55F61F27324A007B4810 /* Sources */,
				980C55F71F27324A007B4810 /* Frameworks */,
				980C55F81F27324A007B4810 /* Resources */,
				EF72C502B4E5D023F6F08335 /* [CP] Embed Pods Frameworks */,
				C6110A9AEC325E914D7415D6 /* [CP] Copy Pods Resources */,
			);
			buildRules = (
			);
			dependencies = (
			);
			name = LittleTrip;
			productName = LittleTrip;
			productReference = 980C55FA1F27324A007B4810 /* LittleTrip.app */;
			productType = "com.apple.product-type.application";
		};
/* End PBXNativeTarget section */

/* Begin PBXProject section */
		980C55F21F27324A007B4810 /* Project object */ = {
			isa = PBXProject;
			attributes = {
				LastSwiftUpdateCheck = 0830;
				LastUpgradeCheck = 0830;
				ORGANIZATIONNAME = JordanLin;
				TargetAttributes = {
					980C55F91F27324A007B4810 = {
						CreatedOnToolsVersion = 8.3.3;
						DevelopmentTeam = MH7SBDD83A;
						ProvisioningStyle = Automatic;
					};
				};
			};
			buildConfigurationList = 980C55F51F27324A007B4810 /* Build configuration list for PBXProject "LittleTrip" */;
			compatibilityVersion = "Xcode 3.2";
			developmentRegion = English;
			hasScannedForEncodings = 0;
			knownRegions = (
				en,
				Base,
			);
			mainGroup = 980C55F11F27324A007B4810;
			productRefGroup = 980C55FB1F27324A007B4810 /* Products */;
			projectDirPath = "";
			projectRoot = "";
			targets = (
				980C55F91F27324A007B4810 /* LittleTrip */,
			);
		};
/* End PBXProject section */

/* Begin PBXResourcesBuildPhase section */
		980C55F81F27324A007B4810 /* Resources */ = {
			isa = PBXResourcesBuildPhase;
			buildActionMask = 2147483647;
			files = (
				981B9EB91F42E6C300A4FD6B /* Localizable.strings in Resources */,
				980C56081F27324B007B4810 /* LaunchScreen.storyboard in Resources */,
				980C56051F27324B007B4810 /* Assets.xcassets in Resources */,
				980C56031F27324B007B4810 /* Main.storyboard in Resources */,
				986438E91F28207A001DABC6 /* GoogleService-Info.plist in Resources */,
			);
			runOnlyForDeploymentPostprocessing = 0;
		};
/* End PBXResourcesBuildPhase section */

/* Begin PBXShellScriptBuildPhase section */
		18D57F5042209EEC24128984 /* [CP] Check Pods Manifest.lock */ = {
			isa = PBXShellScriptBuildPhase;
			buildActionMask = 2147483647;
			files = (
			);
			inputPaths = (
			);
			name = "[CP] Check Pods Manifest.lock";
			outputPaths = (
			);
			runOnlyForDeploymentPostprocessing = 0;
			shellPath = /bin/sh;
			shellScript = "diff \"${PODS_PODFILE_DIR_PATH}/Podfile.lock\" \"${PODS_ROOT}/Manifest.lock\" > /dev/null\nif [ $? != 0 ] ; then\n    # print error to STDERR\n    echo \"error: The sandbox is not in sync with the Podfile.lock. Run 'pod install' or update your CocoaPods installation.\" >&2\n    exit 1\nfi\n";
			showEnvVarsInLog = 0;
		};
		C6110A9AEC325E914D7415D6 /* [CP] Copy Pods Resources */ = {
			isa = PBXShellScriptBuildPhase;
			buildActionMask = 2147483647;
			files = (
			);
			inputPaths = (
			);
			name = "[CP] Copy Pods Resources";
			outputPaths = (
			);
			runOnlyForDeploymentPostprocessing = 0;
			shellPath = /bin/sh;
			shellScript = "\"${SRCROOT}/Pods/Target Support Files/Pods-LittleTrip/Pods-LittleTrip-resources.sh\"\n";
			showEnvVarsInLog = 0;
		};
		EF72C502B4E5D023F6F08335 /* [CP] Embed Pods Frameworks */ = {
			isa = PBXShellScriptBuildPhase;
			buildActionMask = 2147483647;
			files = (
			);
			inputPaths = (
			);
			name = "[CP] Embed Pods Frameworks";
			outputPaths = (
			);
			runOnlyForDeploymentPostprocessing = 0;
			shellPath = /bin/sh;
			shellScript = "\"${SRCROOT}/Pods/Target Support Files/Pods-LittleTrip/Pods-LittleTrip-frameworks.sh\"\n";
			showEnvVarsInLog = 0;
		};
/* End PBXShellScriptBuildPhase section */

/* Begin PBXSourcesBuildPhase section */
		980C55F61F27324A007B4810 /* Sources */ = {
			isa = PBXSourcesBuildPhase;
			buildActionMask = 2147483647;
			files = (
				9827F8341F3AF97500A50043 /* ParnerBoardTableViewCell.swift in Sources */,
				98D11F5B1F29D2B700A157BF /* CreateNewScheduleViewController.swift in Sources */,
				9827F8251F38340700A50043 /* SlideMenuViewController.swift in Sources */,
				98FBC1E41F2B220100E2E70F /* DailyScheduleTableViewCell.swift in Sources */,
				9827F8271F3837E600A50043 /* MenuViewController.swift in Sources */,
				981B9EBF1F43507500A4FD6B /* constants.swift in Sources */,
				98FBC1DC1F2B114400E2E70F /* DailyScheduleTableViewController.swift in Sources */,
				98FBC1E21F2B12A500E2E70F /* DailyTabBarViewController.swift in Sources */,
				9821C5071F28245A0024B9D4 /* SignUpViewController.swift in Sources */,
				9827F8381F3B05E800A50043 /* ParnerCollectionViewCell.swift in Sources */,
				98D11F561F2972C600A157BF /* ScheduleMainTableViewController.swift in Sources */,
				986438E11F27349A001DABC6 /* SignInViewController.swift in Sources */,
				9827F83A1F3C61B300A50043 /* commonFuncton.swift in Sources */,
				984E4AAC1F304F0A007766C7 /* BaggageListTableViewController.swift in Sources */,
				98D11F581F2974E500A157BF /* ScheduleMainTableViewCell.swift in Sources */,
				9827F82D1F388F8700A50043 /* FriendTableViewController.swift in Sources */,
				9827F8321F3AF96700A50043 /* ParnerBoardTableViewController.swift in Sources */,
				980C55FE1F27324B007B4810 /* AppDelegate.swift in Sources */,
				9827F8361F3B05D600A50043 /* ParnerCollectionViewController.swift in Sources */,
				981B9EBD1F42EBDD00A4FD6B /* ScheduleManager.swift in Sources */,
				984E4AAE1F305D73007766C7 /* BaggageListTableViewCell.swift in Sources */,
				98FBC1DE1F2B115800E2E70F /* MapViewController.swift in Sources */,
				9827F82F1F388FD100A50043 /* FriendTableViewCell.swift in Sources */,
			);
			runOnlyForDeploymentPostprocessing = 0;
		};
/* End PBXSourcesBuildPhase section */

/* Begin PBXVariantGroup section */
		980C56011F27324B007B4810 /* Main.storyboard */ = {
			isa = PBXVariantGroup;
			children = (
				980C56021F27324B007B4810 /* Base */,
				981B9EB41F42E4D400A4FD6B /* zh-Hant */,
			);
			name = Main.storyboard;
			sourceTree = "<group>";
		};
		980C56061F27324B007B4810 /* LaunchScreen.storyboard */ = {
			isa = PBXVariantGroup;
			children = (
				980C56071F27324B007B4810 /* Base */,
				981B9EB51F42E4D400A4FD6B /* zh-Hant */,
			);
			name = LaunchScreen.storyboard;
			sourceTree = "<group>";
		};
		981B9EBB1F42E6C300A4FD6B /* Localizable.strings */ = {
			isa = PBXVariantGroup;
			children = (
				981B9EBA1F42E6C300A4FD6B /* zh-Hant */,
			);
			name = Localizable.strings;
			sourceTree = "<group>";
		};
/* End PBXVariantGroup section */

/* Begin XCBuildConfiguration section */
		980C560A1F27324B007B4810 /* Debug */ = {
			isa = XCBuildConfiguration;
			buildSettings = {
				ALWAYS_SEARCH_USER_PATHS = NO;
				CLANG_ANALYZER_LOCALIZABILITY_NONLOCALIZED = YES;
				CLANG_ANALYZER_NONNULL = YES;
				CLANG_ANALYZER_NUMBER_OBJECT_CONVERSION = YES_AGGRESSIVE;
				CLANG_CXX_LANGUAGE_STANDARD = "gnu++0x";
				CLANG_CXX_LIBRARY = "libc++";
				CLANG_ENABLE_MODULES = YES;
				CLANG_ENABLE_OBJC_ARC = YES;
				CLANG_WARN_BOOL_CONVERSION = YES;
				CLANG_WARN_CONSTANT_CONVERSION = YES;
				CLANG_WARN_DIRECT_OBJC_ISA_USAGE = YES_ERROR;
				CLANG_WARN_DOCUMENTATION_COMMENTS = YES;
				CLANG_WARN_EMPTY_BODY = YES;
				CLANG_WARN_ENUM_CONVERSION = YES;
				CLANG_WARN_INFINITE_RECURSION = YES;
				CLANG_WARN_INT_CONVERSION = YES;
				CLANG_WARN_OBJC_ROOT_CLASS = YES_ERROR;
				CLANG_WARN_SUSPICIOUS_MOVE = YES;
				CLANG_WARN_UNREACHABLE_CODE = YES;
				CLANG_WARN__DUPLICATE_METHOD_MATCH = YES;
				"CODE_SIGN_IDENTITY[sdk=iphoneos*]" = "iPhone Developer";
				COPY_PHASE_STRIP = NO;
				DEBUG_INFORMATION_FORMAT = dwarf;
				ENABLE_STRICT_OBJC_MSGSEND = YES;
				ENABLE_TESTABILITY = YES;
				GCC_C_LANGUAGE_STANDARD = gnu99;
				GCC_DYNAMIC_NO_PIC = NO;
				GCC_NO_COMMON_BLOCKS = YES;
				GCC_OPTIMIZATION_LEVEL = 0;
				GCC_PREPROCESSOR_DEFINITIONS = (
					"DEBUG=1",
					"$(inherited)",
				);
				GCC_WARN_64_TO_32_BIT_CONVERSION = YES;
				GCC_WARN_ABOUT_RETURN_TYPE = YES_ERROR;
				GCC_WARN_UNDECLARED_SELECTOR = YES;
				GCC_WARN_UNINITIALIZED_AUTOS = YES_AGGRESSIVE;
				GCC_WARN_UNUSED_FUNCTION = YES;
				GCC_WARN_UNUSED_VARIABLE = YES;
				IPHONEOS_DEPLOYMENT_TARGET = 10.3;
				MTL_ENABLE_DEBUG_INFO = YES;
				ONLY_ACTIVE_ARCH = YES;
				SDKROOT = iphoneos;
				SWIFT_ACTIVE_COMPILATION_CONDITIONS = DEBUG;
				SWIFT_OPTIMIZATION_LEVEL = "-Onone";
			};
			name = Debug;
		};
		980C560B1F27324B007B4810 /* Release */ = {
			isa = XCBuildConfiguration;
			buildSettings = {
				ALWAYS_SEARCH_USER_PATHS = NO;
				CLANG_ANALYZER_LOCALIZABILITY_NONLOCALIZED = YES;
				CLANG_ANALYZER_NONNULL = YES;
				CLANG_ANALYZER_NUMBER_OBJECT_CONVERSION = YES_AGGRESSIVE;
				CLANG_CXX_LANGUAGE_STANDARD = "gnu++0x";
				CLANG_CXX_LIBRARY = "libc++";
				CLANG_ENABLE_MODULES = YES;
				CLANG_ENABLE_OBJC_ARC = YES;
				CLANG_WARN_BOOL_CONVERSION = YES;
				CLANG_WARN_CONSTANT_CONVERSION = YES;
				CLANG_WARN_DIRECT_OBJC_ISA_USAGE = YES_ERROR;
				CLANG_WARN_DOCUMENTATION_COMMENTS = YES;
				CLANG_WARN_EMPTY_BODY = YES;
				CLANG_WARN_ENUM_CONVERSION = YES;
				CLANG_WARN_INFINITE_RECURSION = YES;
				CLANG_WARN_INT_CONVERSION = YES;
				CLANG_WARN_OBJC_ROOT_CLASS = YES_ERROR;
				CLANG_WARN_SUSPICIOUS_MOVE = YES;
				CLANG_WARN_UNREACHABLE_CODE = YES;
				CLANG_WARN__DUPLICATE_METHOD_MATCH = YES;
				"CODE_SIGN_IDENTITY[sdk=iphoneos*]" = "iPhone Developer";
				COPY_PHASE_STRIP = NO;
				DEBUG_INFORMATION_FORMAT = "dwarf-with-dsym";
				ENABLE_NS_ASSERTIONS = NO;
				ENABLE_STRICT_OBJC_MSGSEND = YES;
				GCC_C_LANGUAGE_STANDARD = gnu99;
				GCC_NO_COMMON_BLOCKS = YES;
				GCC_WARN_64_TO_32_BIT_CONVERSION = YES;
				GCC_WARN_ABOUT_RETURN_TYPE = YES_ERROR;
				GCC_WARN_UNDECLARED_SELECTOR = YES;
				GCC_WARN_UNINITIALIZED_AUTOS = YES_AGGRESSIVE;
				GCC_WARN_UNUSED_FUNCTION = YES;
				GCC_WARN_UNUSED_VARIABLE = YES;
				IPHONEOS_DEPLOYMENT_TARGET = 10.3;
				MTL_ENABLE_DEBUG_INFO = NO;
				SDKROOT = iphoneos;
				SWIFT_OPTIMIZATION_LEVEL = "-Owholemodule";
				VALIDATE_PRODUCT = YES;
			};
			name = Release;
		};
		980C560D1F27324B007B4810 /* Debug */ = {
			isa = XCBuildConfiguration;
			baseConfigurationReference = 2F87D84B562FCFAF589718BD /* Pods-LittleTrip.debug.xcconfig */;
			buildSettings = {
				ASSETCATALOG_COMPILER_APPICON_NAME = AppIcon;
				DEVELOPMENT_TEAM = MH7SBDD83A;
				INFOPLIST_FILE = LittleTrip/Info.plist;
				LD_RUNPATH_SEARCH_PATHS = "$(inherited) @executable_path/Frameworks";
				PRODUCT_BUNDLE_IDENTIFIER = JD.com.LittleTrip;
				PRODUCT_NAME = "$(TARGET_NAME)";
				SWIFT_VERSION = 3.0;
			};
			name = Debug;
		};
		980C560E1F27324B007B4810 /* Release */ = {
			isa = XCBuildConfiguration;
			baseConfigurationReference = 825809C7F30815C401349EB6 /* Pods-LittleTrip.release.xcconfig */;
			buildSettings = {
				ASSETCATALOG_COMPILER_APPICON_NAME = AppIcon;
				DEVELOPMENT_TEAM = MH7SBDD83A;
				INFOPLIST_FILE = LittleTrip/Info.plist;
				LD_RUNPATH_SEARCH_PATHS = "$(inherited) @executable_path/Frameworks";
				PRODUCT_BUNDLE_IDENTIFIER = JD.com.LittleTrip;
				PRODUCT_NAME = "$(TARGET_NAME)";
				SWIFT_VERSION = 3.0;
			};
			name = Release;
		};
/* End XCBuildConfiguration section */

/* Begin XCConfigurationList section */
		980C55F51F27324A007B4810 /* Build configuration list for PBXProject "LittleTrip" */ = {
			isa = XCConfigurationList;
			buildConfigurations = (
				980C560A1F27324B007B4810 /* Debug */,
				980C560B1F27324B007B4810 /* Release */,
			);
			defaultConfigurationIsVisible = 0;
			defaultConfigurationName = Release;
		};
		980C560C1F27324B007B4810 /* Build configuration list for PBXNativeTarget "LittleTrip" */ = {
			isa = XCConfigurationList;
			buildConfigurations = (
				980C560D1F27324B007B4810 /* Debug */,
				980C560E1F27324B007B4810 /* Release */,
			);
			defaultConfigurationIsVisible = 0;
			defaultConfigurationName = Release;
		};
/* End XCConfigurationList section */
	};
	rootObject = 980C55F21F27324A007B4810 /* Project object */;
}
